{
  "requires": true,
  "lockfileVersion": 1,
  "dependencies": {
    "bindings": {
      "version": "1.3.0",
      "resolved": "https://registry.npmjs.org/bindings/-/bindings-1.3.0.tgz",
      "integrity": "sha512-DpLh5EzMR2kzvX1KIlVC0VkC3iZtHKTgdtZ0a3pglBZdaQFjt5S9g9xd1lE+YvXyfd6mtCeRnrUfOLYiTMlNSw=="
    },
    "bitcore-lib-pivx": {
      "version": "0.13.21",
      "resolved": "https://registry.npmjs.org/bitcore-lib-pivx/-/bitcore-lib-pivx-0.13.21.tgz",
      "integrity": "sha1-NhdVyh3DfjCLghLTbGklW+TuIfg=",
      "requires": {
        "bn.js": "https://registry.npmjs.org/bn.js/-/bn.js-2.0.4.tgz",
        "bs58": "https://registry.npmjs.org/bs58/-/bs58-2.0.0.tgz",
        "buffer-compare": "https://registry.npmjs.org/buffer-compare/-/buffer-compare-1.0.0.tgz",
        "elliptic": "https://registry.npmjs.org/elliptic/-/elliptic-3.0.3.tgz",
        "inherits": "https://registry.npmjs.org/inherits/-/inherits-2.0.1.tgz",
        "lodash": "https://registry.npmjs.org/lodash/-/lodash-3.10.1.tgz",
        "sha512": "https://registry.npmjs.org/sha512/-/sha512-0.0.1.tgz",
        "x11-hash-js": "https://registry.npmjs.org/x11-hash-js/-/x11-hash-js-1.0.0.tgz"
      },
      "dependencies": {
        "bn.js": {
          "version": "https://registry.npmjs.org/bn.js/-/bn.js-2.0.4.tgz",
          "integrity": "sha512-agol6nELIIhWUdrrb0ko6X/ojICxfDeUg+NUCODLS4Dn3deKCE+d1HTEjvlD/WfH6rZ1DCh7bA21tHNtmqwjWA=="
        },
        "bs58": {
          "version": "https://registry.npmjs.org/bs58/-/bs58-2.0.0.tgz",
          "integrity": "sha512-e6HRIsesDBCrBpXbYviZDrxtwHkk2D4K7f4u/asWRrKBQTt5axZRt2nqa3Hw51+lzQOni31Xvu1/2FiZodXtow=="
        },
        "buffer-compare": {
          "version": "https://registry.npmjs.org/buffer-compare/-/buffer-compare-1.0.0.tgz",
          "integrity": "sha512-V44fH6pgIfMge/eVmwtRHOfbYYsjRLpMTxEWYijmmendeNi8gRh4Epg0TvgLi3w/NGwVrBWV2B5++RfGTtkCLw=="
        },
        "elliptic": {
          "version": "https://registry.npmjs.org/elliptic/-/elliptic-3.0.3.tgz",
          "integrity": "sha512-CrBEiS76Obfxgy6v25p2f7XUZ63DF6mJ/KL0lvBnIrlBeebacGjukc4KjbFWw6bdMnOMM6QXcO84Q2/VJaJlTA==",
          "requires": {
            "bn.js": "https://registry.npmjs.org/bn.js/-/bn.js-2.0.4.tgz",
            "brorand": "https://registry.npmjs.org/brorand/-/brorand-1.0.5.tgz",
            "hash.js": "https://registry.npmjs.org/hash.js/-/hash.js-1.0.3.tgz",
            "inherits": "https://registry.npmjs.org/inherits/-/inherits-2.0.1.tgz"
          },
          "dependencies": {
            "brorand": {
              "version": "https://registry.npmjs.org/brorand/-/brorand-1.0.5.tgz",
              "integrity": "sha512-pb4102NA1VdNIg6zALQzgTtcF1X/TzcTih82dK5FNr/z2rroufb1C5clgM6zpYtr3Gvu//mAwgkFfK2lZI60gg=="
            },
            "hash.js": {
              "version": "https://registry.npmjs.org/hash.js/-/hash.js-1.0.3.tgz",
              "integrity": "sha512-J0ew1WQhNTfUrH4VYckHyBLq3WzyKJleK8HPeWVIFtgu/mUBKy1fKtk3drOijR2T1gh0ZqC6EZ06uGRgdMASSg==",
              "requires": {
                "inherits": "https://registry.npmjs.org/inherits/-/inherits-2.0.1.tgz"
              }
            }
          }
        },
        "inherits": {
          "version": "https://registry.npmjs.org/inherits/-/inherits-2.0.1.tgz",
          "integrity": "sha512-8nWq2nLTAwd02jTqJExUYFSD/fKq6VH9Y/oG2accc/kdI0V98Bag8d5a4gi3XHz73rDWa2PvTtvcWYquKqSENA=="
        },
        "lodash": {
          "version": "https://registry.npmjs.org/lodash/-/lodash-3.10.1.tgz",
          "integrity": "sha512-9mDDwqVIma6OZX79ZlDACZl8sBm0TEnkf99zV3iMA4GzkIT/9hiqP5mY0HoT1iNLCrKc/R1HByV+yJfRWVJryQ=="
        },
        "sha512": {
          "version": "https://registry.npmjs.org/sha512/-/sha512-0.0.1.tgz",
          "integrity": "sha512-2t5rZu72ebMg2/OK44S/48UKxgBl7Kc3w/I0DkIzNld8NzDUxFBL2pOYAWEVknnuOqO62a3W+3x/xD7LrosGBg=="
        },
        "x11-hash-js": {
          "version": "https://registry.npmjs.org/x11-hash-js/-/x11-hash-js-1.0.0.tgz",
          "integrity": "sha512-pNG0/uHd0dRAt/TwEE5xKeXEUKfWg1c9UVsdTkdN2ESPLMHMv5E14U/L6QzlhSdjaigjZ+RLoyMSecHsrET59g=="
        }
      }
    }
  }
}
